Microsoft Visual Studio Solution File, Format Version 12.00
# Visual Studio Version 17
VisualStudioVersion = 17.5.2.0
MinimumVisualStudioVersion = 10.0.40219.1
Project("{FAE04EC0-301F-11D3-BF4B-00C04F79EFBC}") = "TTFLoaderIL2CPP", "TTFLoaderIL2CPP\TTFLoaderIL2CPP.csproj", "{0CF107EC-9F19-773A-855E-4FFC4048393D}"
EndProject
Project("{FAE04EC0-301F-11D3-BF4B-00C04F79EFBC}") = "TTFLoaderMono", "TTFLoaderMono\TTFLoaderMono.csproj", "{EE24AD24-9823-182D-42CD-15C51509F7FC}"
EndProject
Global
	GlobalSection(SolutionConfigurationPlatforms) = preSolution
		Debug|Any CPU = Debug|Any CPU
		Release|Any CPU = Release|Any CPU
	EndGlobalSection
	GlobalSection(ProjectConfigurationPlatforms) = postSolution
		{0CF107EC-9F19-773A-855E-4FFC4048393D}.Debug|Any CPU.ActiveCfg = Debug|Any CPU
		{0CF107EC-9F19-773A-855E-4FFC4048393D}.Debug|Any CPU.Build.0 = Debug|Any CPU
		{0CF107EC-9F19-773A-855E-4FFC4048393D}.Release|Any CPU.ActiveCfg = Release|Any CPU
		{0CF107EC-9F19-773A-855E-4FFC4048393D}.Release|Any CPU.Build.0 = Release|Any CPU
		{EE24AD24-9823-182D-42CD-15C51509F7FC}.Debug|Any CPU.ActiveCfg = Debug|Any CPU
		{EE24AD24-9823-182D-42CD-15C51509F7FC}.Debug|Any CPU.Build.0 = Debug|Any CPU
		{EE24AD24-9823-182D-42CD-15C51509F7FC}.Release|Any CPU.ActiveCfg = Release|Any CPU
		{EE24AD24-9823-182D-42CD-15C51509F7FC}.Release|Any CPU.Build.0 = Release|Any CPU
	EndGlobalSection
	GlobalSection(SolutionProperties) = preSolution
		HideSolutionNode = FALSE
	EndGlobalSection
	GlobalSection(ExtensibilityGlobals) = postSolution
		SolutionGuid = {55DC6CA4-C944-4D9A-9BE5-A1E83A37D504}
	EndGlobalSection
EndGlobal
