Microsoft Visual Studio Solution File, Format Version 12.00
# Visual Studio Version 17
VisualStudioVersion = 17.5.2.0
MinimumVisualStudioVersion = 10.0.40219.1
Project("{FAE04EC0-301F-11D3-BF4B-00C04F79EFBC}") = "TTFLoader", "TTFLoader.csproj", "{69211C91-AE34-4D3F-446F-EF1A2AD05556}"
EndProject
Global
	GlobalSection(SolutionConfigurationPlatforms) = preSolution
		Debug|Any CPU = Debug|Any CPU
		Release|Any CPU = Release|Any CPU
	EndGlobalSection
	GlobalSection(ProjectConfigurationPlatforms) = postSolution
		{69211C91-AE34-4D3F-446F-EF1A2AD05556}.Debug|Any CPU.ActiveCfg = Debug|Any CPU
		{69211C91-AE34-4D3F-446F-EF1A2AD05556}.Debug|Any CPU.Build.0 = Debug|Any CPU
		{69211C91-AE34-4D3F-446F-EF1A2AD05556}.Release|Any CPU.ActiveCfg = Release|Any CPU
		{69211C91-AE34-4D3F-446F-EF1A2AD05556}.Release|Any CPU.Build.0 = Release|Any CPU
	EndGlobalSection
	GlobalSection(SolutionProperties) = preSolution
		HideSolutionNode = FALSE
	EndGlobalSection
	GlobalSection(ExtensibilityGlobals) = postSolution
		SolutionGuid = {1343026B-C02E-447A-98FF-FFDF4D26F519}
	EndGlobalSection
EndGlobal
